# generated by rye
# use `rye lock` or `rye sync` to update this lockfile
#
# last locked with the following flags:
#   pre: false
#   features: []
#   all-features: false
#   with-sources: false
#   generate-hashes: false
#   universal: false

-e file:.
gufo-snmp==0.9.1
    # via netty-snmp
icmplib==3.0.4
    # via netty-snmp
tcppinglib==2.0.3
    # via netty-snmp
