# generated by rye
# use `rye lock` or `rye sync` to update this lockfile
#
# last locked with the following flags:
#   pre: false
#   features: []
#   all-features: false
#   with-sources: false
#   generate-hashes: false
#   universal: false

-e file:.
ezsnmp==1.0.0rc2
    # via netty
icmplib==3.0.4
    # via netty
numpy==2.0.1
    # via pandas
pandas==2.2.2
    # via netty
python-dateutil==2.9.0.post0
    # via pandas
pytz==2024.1
    # via pandas
six==1.16.0
    # via python-dateutil
tcppinglib==2.0.3
    # via netty
tzdata==2024.1
    # via pandas
